
Microsoft Visual Studio Solution File, Format Version 12.00
# Visual Studio Version 17
VisualStudioVersion = 17.0.32002.185
MinimumVisualStudioVersion = 10.0.40219.1
Project("{2150E333-8FDC-42A3-9474-1A3956D46DE8}") = "src", "src", "{2BC3C7BD-D9E5-4E0E-A49D-D319EE2D0AE1}"
EndProject
Project("{2150E333-8FDC-42A3-9474-1A3956D46DE8}") = "tests", "tests", "{99557D07-2F57-4896-AA97-C5DE3D93E612}"
EndProject
Project("{9A19103F-16F7-4668-BE54-9A1E7A4F7556}") = "BasketApi.Tests", "tests\BasketApi.Tests\BasketApi.Tests.csproj", "{8A93A3B1-D9A1-40D4-A988-CC3228BD55F6}"
EndProject
Project("{2150E333-8FDC-42A3-9474-1A3956D46DE8}") = "Solution Items", "Solution Items", "{6A085A46-F395-4155-9FAB-8987B8E3A9AC}"
	ProjectSection(SolutionItems) = preProject
		.editorconfig = .editorconfig
		bombardier-testresults.txt = bombardier-testresults.txt
	EndProjectSection
EndProject
Project("{9A19103F-16F7-4668-BE54-9A1E7A4F7556}") = "WebSite", "src\WebSite\WebSite.csproj", "{6DE9B11D-B3C3-4AD9-9DAE-E7D26CD5B915}"
EndProject
Project("{2150E333-8FDC-42A3-9474-1A3956D46DE8}") = "Apis", "Apis", "{3F11E694-4A94-4B03-9E85-3B979ECCE248}"
EndProject
Project("{9A19103F-16F7-4668-BE54-9A1E7A4F7556}") = "ProductsApi", "src\Apis\ProductsApi\ProductsApi.csproj", "{02C08594-BC23-482E-9512-59814DB94CF2}"
EndProject
Project("{9A19103F-16F7-4668-BE54-9A1E7A4F7556}") = "BasketApi", "src\Apis\BasketApi\BasketApi.csproj", "{4B86886F-624E-485D-990D-5AF9864E55F5}"
EndProject
Global
	GlobalSection(SolutionConfigurationPlatforms) = preSolution
		Debug|Any CPU = Debug|Any CPU
		Release|Any CPU = Release|Any CPU
	EndGlobalSection
	GlobalSection(ProjectConfigurationPlatforms) = postSolution
		{8A93A3B1-D9A1-40D4-A988-CC3228BD55F6}.Debug|Any CPU.ActiveCfg = Debug|Any CPU
		{8A93A3B1-D9A1-40D4-A988-CC3228BD55F6}.Debug|Any CPU.Build.0 = Debug|Any CPU
		{8A93A3B1-D9A1-40D4-A988-CC3228BD55F6}.Release|Any CPU.ActiveCfg = Release|Any CPU
		{8A93A3B1-D9A1-40D4-A988-CC3228BD55F6}.Release|Any CPU.Build.0 = Release|Any CPU
		{6DE9B11D-B3C3-4AD9-9DAE-E7D26CD5B915}.Debug|Any CPU.ActiveCfg = Debug|Any CPU
		{6DE9B11D-B3C3-4AD9-9DAE-E7D26CD5B915}.Debug|Any CPU.Build.0 = Debug|Any CPU
		{6DE9B11D-B3C3-4AD9-9DAE-E7D26CD5B915}.Release|Any CPU.ActiveCfg = Release|Any CPU
		{6DE9B11D-B3C3-4AD9-9DAE-E7D26CD5B915}.Release|Any CPU.Build.0 = Release|Any CPU
		{02C08594-BC23-482E-9512-59814DB94CF2}.Debug|Any CPU.ActiveCfg = Debug|Any CPU
		{02C08594-BC23-482E-9512-59814DB94CF2}.Debug|Any CPU.Build.0 = Debug|Any CPU
		{02C08594-BC23-482E-9512-59814DB94CF2}.Release|Any CPU.ActiveCfg = Release|Any CPU
		{02C08594-BC23-482E-9512-59814DB94CF2}.Release|Any CPU.Build.0 = Release|Any CPU
		{4B86886F-624E-485D-990D-5AF9864E55F5}.Debug|Any CPU.ActiveCfg = Debug|Any CPU
		{4B86886F-624E-485D-990D-5AF9864E55F5}.Debug|Any CPU.Build.0 = Debug|Any CPU
		{4B86886F-624E-485D-990D-5AF9864E55F5}.Release|Any CPU.ActiveCfg = Release|Any CPU
		{4B86886F-624E-485D-990D-5AF9864E55F5}.Release|Any CPU.Build.0 = Release|Any CPU
	EndGlobalSection
	GlobalSection(SolutionProperties) = preSolution
		HideSolutionNode = FALSE
	EndGlobalSection
	GlobalSection(NestedProjects) = preSolution
		{8A93A3B1-D9A1-40D4-A988-CC3228BD55F6} = {99557D07-2F57-4896-AA97-C5DE3D93E612}
		{6DE9B11D-B3C3-4AD9-9DAE-E7D26CD5B915} = {2BC3C7BD-D9E5-4E0E-A49D-D319EE2D0AE1}
		{3F11E694-4A94-4B03-9E85-3B979ECCE248} = {2BC3C7BD-D9E5-4E0E-A49D-D319EE2D0AE1}
		{02C08594-BC23-482E-9512-59814DB94CF2} = {3F11E694-4A94-4B03-9E85-3B979ECCE248}
		{4B86886F-624E-485D-990D-5AF9864E55F5} = {3F11E694-4A94-4B03-9E85-3B979ECCE248}
	EndGlobalSection
	GlobalSection(ExtensibilityGlobals) = postSolution
		SolutionGuid = {0BA9246B-1792-478A-B467-BF0066FCBCC2}
	EndGlobalSection
EndGlobal
